PODS:
  - FMDB (2.7.5):
    - FMDB/standard (= 2.7.5)
  - FMDB/standard (2.7.5)
  - QKPubBean (1.0.0):
    - FMDB
    - SVProgressHUD
  - QKRecordSDK (1.0.1):
    - QKPubBean
    - QKRecordSDK/clipSdkDemo (= 1.0.1)
  - QKRecordSDK/clipSdkDemo (1.0.1):
    - QKPubBean
  - SVProgressHUD (2.2.5)

DEPENDENCIES:
  - QKRecordSDK (~> 1.0.1)

SPEC REPOS:
  trunk:
    - FMDB
    - QKPubBean
    - QKRecordSDK
    - SVProgressHUD

SPEC CHECKSUMS:
  FMDB: 2ce00b547f966261cd18927a3ddb07cb6f3db82a
  QKPubBean: fb5b20efc477a8db10de603009f54c9abffc76d4
  QKRecordSDK: b78c2ac12893cc36e5badd5f4d3ea1e0b0aa85e5
  SVProgressHUD: 1428aafac632c1f86f62aa4243ec12008d7a51d6

PODFILE CHECKSUM: d13d13d4b6c5dd8a1e490580da48c4c5f96d1dbe

COCOAPODS: 1.9.3
